
Microsoft Visual Studio Solution File, Format Version 12.00
# Visual Studio Version 17
VisualStudioVersion = 17.1.32421.90
MinimumVisualStudioVersion = 10.0.40219.1
Project("{9A19103F-16F7-4668-BE54-9A1E7A4F7556}") = "Api", "API\Api.csproj", "{2FDEEC91-1ACB-4014-8397-D01D5699FFF5}"
EndProject
Project("{9A19103F-16F7-4668-BE54-9A1E7A4F7556}") = "IdentityServer", "IdentityServer\IdentityServer.csproj", "{92A9020C-0209-48CB-A0D2-E2A20B95C600}"
EndProject
Project("{9A19103F-16F7-4668-BE54-9A1E7A4F7556}") = "MvcClient", "MvcClient\MvcClient.csproj", "{87753B29-37FC-4106-B408-26E0B14CCDA0}"
EndProject
Global
	GlobalSection(SolutionConfigurationPlatforms) = preSolution
		Debug|Any CPU = Debug|Any CPU
		Debug|x64 = Debug|x64
		Debug|x86 = Debug|x86
		Release|Any CPU = Release|Any CPU
		Release|x64 = Release|x64
		Release|x86 = Release|x86
	EndGlobalSection
	GlobalSection(ProjectConfigurationPlatforms) = postSolution
		{2FDEEC91-1ACB-4014-8397-D01D5699FFF5}.Debug|Any CPU.ActiveCfg = Debug|Any CPU
		{2FDEEC91-1ACB-4014-8397-D01D5699FFF5}.Debug|Any CPU.Build.0 = Debug|Any CPU
		{2FDEEC91-1ACB-4014-8397-D01D5699FFF5}.Debug|x64.ActiveCfg = Debug|Any CPU
		{2FDEEC91-1ACB-4014-8397-D01D5699FFF5}.Debug|x64.Build.0 = Debug|Any CPU
		{2FDEEC91-1ACB-4014-8397-D01D5699FFF5}.Debug|x86.ActiveCfg = Debug|Any CPU
		{2FDEEC91-1ACB-4014-8397-D01D5699FFF5}.Debug|x86.Build.0 = Debug|Any CPU
		{2FDEEC91-1ACB-4014-8397-D01D5699FFF5}.Release|Any CPU.ActiveCfg = Release|Any CPU
		{2FDEEC91-1ACB-4014-8397-D01D5699FFF5}.Release|Any CPU.Build.0 = Release|Any CPU
		{2FDEEC91-1ACB-4014-8397-D01D5699FFF5}.Release|x64.ActiveCfg = Release|Any CPU
		{2FDEEC91-1ACB-4014-8397-D01D5699FFF5}.Release|x64.Build.0 = Release|Any CPU
		{2FDEEC91-1ACB-4014-8397-D01D5699FFF5}.Release|x86.ActiveCfg = Release|Any CPU
		{2FDEEC91-1ACB-4014-8397-D01D5699FFF5}.Release|x86.Build.0 = Release|Any CPU
		{92A9020C-0209-48CB-A0D2-E2A20B95C600}.Debug|Any CPU.ActiveCfg = Debug|Any CPU
		{92A9020C-0209-48CB-A0D2-E2A20B95C600}.Debug|Any CPU.Build.0 = Debug|Any CPU
		{92A9020C-0209-48CB-A0D2-E2A20B95C600}.Debug|x64.ActiveCfg = Debug|Any CPU
		{92A9020C-0209-48CB-A0D2-E2A20B95C600}.Debug|x64.Build.0 = Debug|Any CPU
		{92A9020C-0209-48CB-A0D2-E2A20B95C600}.Debug|x86.ActiveCfg = Debug|Any CPU
		{92A9020C-0209-48CB-A0D2-E2A20B95C600}.Debug|x86.Build.0 = Debug|Any CPU
		{92A9020C-0209-48CB-A0D2-E2A20B95C600}.Release|Any CPU.ActiveCfg = Release|Any CPU
		{92A9020C-0209-48CB-A0D2-E2A20B95C600}.Release|Any CPU.Build.0 = Release|Any CPU
		{92A9020C-0209-48CB-A0D2-E2A20B95C600}.Release|x64.ActiveCfg = Release|Any CPU
		{92A9020C-0209-48CB-A0D2-E2A20B95C600}.Release|x64.Build.0 = Release|Any CPU
		{92A9020C-0209-48CB-A0D2-E2A20B95C600}.Release|x86.ActiveCfg = Release|Any CPU
		{92A9020C-0209-48CB-A0D2-E2A20B95C600}.Release|x86.Build.0 = Release|Any CPU
		{87753B29-37FC-4106-B408-26E0B14CCDA0}.Debug|Any CPU.ActiveCfg = Debug|Any CPU
		{87753B29-37FC-4106-B408-26E0B14CCDA0}.Debug|Any CPU.Build.0 = Debug|Any CPU
		{87753B29-37FC-4106-B408-26E0B14CCDA0}.Debug|x64.ActiveCfg = Debug|Any CPU
		{87753B29-37FC-4106-B408-26E0B14CCDA0}.Debug|x64.Build.0 = Debug|Any CPU
		{87753B29-37FC-4106-B408-26E0B14CCDA0}.Debug|x86.ActiveCfg = Debug|Any CPU
		{87753B29-37FC-4106-B408-26E0B14CCDA0}.Debug|x86.Build.0 = Debug|Any CPU
		{87753B29-37FC-4106-B408-26E0B14CCDA0}.Release|Any CPU.ActiveCfg = Release|Any CPU
		{87753B29-37FC-4106-B408-26E0B14CCDA0}.Release|Any CPU.Build.0 = Release|Any CPU
		{87753B29-37FC-4106-B408-26E0B14CCDA0}.Release|x64.ActiveCfg = Release|Any CPU
		{87753B29-37FC-4106-B408-26E0B14CCDA0}.Release|x64.Build.0 = Release|Any CPU
		{87753B29-37FC-4106-B408-26E0B14CCDA0}.Release|x86.ActiveCfg = Release|Any CPU
		{87753B29-37FC-4106-B408-26E0B14CCDA0}.Release|x86.Build.0 = Release|Any CPU
	EndGlobalSection
	GlobalSection(SolutionProperties) = preSolution
		HideSolutionNode = FALSE
	EndGlobalSection
	GlobalSection(ExtensibilityGlobals) = postSolution
		SolutionGuid = {B36334FC-3A84-49C9-99EE-E676FFCBB67E}
	EndGlobalSection
EndGlobal
